
Microsoft Visual Studio Solution File, Format Version 12.00
# Visual Studio 14
VisualStudioVersion = 14.0.25123.0
MinimumVisualStudioVersion = 10.0.40219.1
Project("{FAE04EC0-301F-11D3-BF4B-00C04F79EFBC}") = "DemoDataAccess", "DemoDataAccess\DemoDataAccess.csproj", "{48D36C6A-BAC3-4EE7-B78A-A37F0DD43439}"
EndProject
Project("{FAE04EC0-301F-11D3-BF4B-00C04F79EFBC}") = "DemoDataImport", "DemoDataImport\DemoDataImport.csproj", "{F95E498A-93A3-4260-9959-D12ECE330277}"
EndProject
Project("{FAE04EC0-301F-11D3-BF4B-00C04F79EFBC}") = "DemoQueryUtil", "DemoQueryUtil\DemoQueryUtil.csproj", "{F81D06CB-B030-482F-AB86-EE99F9BF891F}"
EndProject
Project("{FAE04EC0-301F-11D3-BF4B-00C04F79EFBC}") = "DemoWebUI", "DemoWebUI\DemoWebUI.csproj", "{1AC2EF51-9331-481F-AF16-EFFF88AD8185}"
EndProject
Project("{2150E333-8FDC-42A3-9474-1A3956D46DE8}") = "Configuration", "Configuration", "{9EDEDFAA-F257-49B9-89FC-77603F674345}"
	ProjectSection(SolutionItems) = preProject
		CommonAppSettings.config = CommonAppSettings.config
		ConnectionStrings.config = ConnectionStrings.config
	EndProjectSection
EndProject
Global
	GlobalSection(SolutionConfigurationPlatforms) = preSolution
		Debug|Any CPU = Debug|Any CPU
		Release|Any CPU = Release|Any CPU
	EndGlobalSection
	GlobalSection(ProjectConfigurationPlatforms) = postSolution
		{48D36C6A-BAC3-4EE7-B78A-A37F0DD43439}.Debug|Any CPU.ActiveCfg = Debug|Any CPU
		{48D36C6A-BAC3-4EE7-B78A-A37F0DD43439}.Debug|Any CPU.Build.0 = Debug|Any CPU
		{48D36C6A-BAC3-4EE7-B78A-A37F0DD43439}.Release|Any CPU.ActiveCfg = Release|Any CPU
		{48D36C6A-BAC3-4EE7-B78A-A37F0DD43439}.Release|Any CPU.Build.0 = Release|Any CPU
		{F95E498A-93A3-4260-9959-D12ECE330277}.Debug|Any CPU.ActiveCfg = Debug|Any CPU
		{F95E498A-93A3-4260-9959-D12ECE330277}.Debug|Any CPU.Build.0 = Debug|Any CPU
		{F95E498A-93A3-4260-9959-D12ECE330277}.Release|Any CPU.ActiveCfg = Release|Any CPU
		{F95E498A-93A3-4260-9959-D12ECE330277}.Release|Any CPU.Build.0 = Release|Any CPU
		{F81D06CB-B030-482F-AB86-EE99F9BF891F}.Debug|Any CPU.ActiveCfg = Debug|Any CPU
		{F81D06CB-B030-482F-AB86-EE99F9BF891F}.Debug|Any CPU.Build.0 = Debug|Any CPU
		{F81D06CB-B030-482F-AB86-EE99F9BF891F}.Release|Any CPU.ActiveCfg = Release|Any CPU
		{F81D06CB-B030-482F-AB86-EE99F9BF891F}.Release|Any CPU.Build.0 = Release|Any CPU
		{1AC2EF51-9331-481F-AF16-EFFF88AD8185}.Debug|Any CPU.ActiveCfg = Debug|Any CPU
		{1AC2EF51-9331-481F-AF16-EFFF88AD8185}.Debug|Any CPU.Build.0 = Debug|Any CPU
		{1AC2EF51-9331-481F-AF16-EFFF88AD8185}.Release|Any CPU.ActiveCfg = Release|Any CPU
		{1AC2EF51-9331-481F-AF16-EFFF88AD8185}.Release|Any CPU.Build.0 = Release|Any CPU
	EndGlobalSection
	GlobalSection(SolutionProperties) = preSolution
		HideSolutionNode = FALSE
	EndGlobalSection
EndGlobal
